// !$*UTF8*$!
{
	archiveVersion = 1;
	classes = {
	};
	objectVersion = 51;
	objects = {

/* Begin PBXAggregateTarget section */
		"RouterX::RouterXPackageTests::ProductTarget" /* RouterXPackageTests */ = {
			isa = PBXAggregateTarget;
			buildConfigurationList = OBJ_51 /* Build configuration list for PBXAggregateTarget "RouterXPackageTests" */;
			buildPhases = (
			);
			dependencies = (
				OBJ_54 /* PBXTargetDependency */,
			);
			name = RouterXPackageTests;
			productName = RouterXPackageTests;
		};
/* End PBXAggregateTarget section */

/* Begin PBXBuildFile section */
		48065D3321AAB88400F33408 /* PatternScanError.swift in Sources */ = {isa = PBXBuildFile; fileRef = 48065D3221AAB88400F33408 /* PatternScanError.swift */; };
		48E62CA721A695000005838B /* MatchResult.swift in Sources */ = {isa = PBXBuildFile; fileRef = 48E62CA621A695000005838B /* MatchResult.swift */; };
		OBJ_35 /* Router.swift in Sources */ = {isa = PBXBuildFile; fileRef = OBJ_9 /* Router.swift */; };
		OBJ_36 /* RouterXCore.swift in Sources */ = {isa = PBXBuildFile; fileRef = OBJ_10 /* RouterXCore.swift */; };
		OBJ_37 /* RoutingGraph.swift in Sources */ = {isa = PBXBuildFile; fileRef = OBJ_11 /* RoutingGraph.swift */; };
		OBJ_38 /* RoutingPatternParser.swift in Sources */ = {isa = PBXBuildFile; fileRef = OBJ_12 /* RoutingPatternParser.swift */; };
		OBJ_39 /* RoutingPatternScanner.swift in Sources */ = {isa = PBXBuildFile; fileRef = OBJ_13 /* RoutingPatternScanner.swift */; };
		OBJ_40 /* RoutingPatternToken.swift in Sources */ = {isa = PBXBuildFile; fileRef = OBJ_14 /* RoutingPatternToken.swift */; };
		OBJ_41 /* URLPathScanner.swift in Sources */ = {isa = PBXBuildFile; fileRef = OBJ_15 /* URLPathScanner.swift */; };
		OBJ_42 /* URLPathToken.swift in Sources */ = {isa = PBXBuildFile; fileRef = OBJ_16 /* URLPathToken.swift */; };
		OBJ_49 /* Package.swift in Sources */ = {isa = PBXBuildFile; fileRef = OBJ_6 /* Package.swift */; };
		OBJ_60 /* RoutingGraph.swift in Sources */ = {isa = PBXBuildFile; fileRef = OBJ_20 /* RoutingGraph.swift */; };
		OBJ_61 /* RouterTests.swift in Sources */ = {isa = PBXBuildFile; fileRef = OBJ_21 /* RouterTests.swift */; };
		OBJ_62 /* RouterXCoreTests.swift in Sources */ = {isa = PBXBuildFile; fileRef = OBJ_22 /* RouterXCoreTests.swift */; };
		OBJ_63 /* RoutingPatternParserTests.swift in Sources */ = {isa = PBXBuildFile; fileRef = OBJ_23 /* RoutingPatternParserTests.swift */; };
		OBJ_64 /* RoutingPatternScannerTests.swift in Sources */ = {isa = PBXBuildFile; fileRef = OBJ_24 /* RoutingPatternScannerTests.swift */; };
		OBJ_65 /* URLPathScannerTests.swift in Sources */ = {isa = PBXBuildFile; fileRef = OBJ_25 /* URLPathScannerTests.swift */; };
		OBJ_68 /* RouterX.framework in Frameworks */ = {isa = PBXBuildFile; fileRef = "RouterX::RouterX::Product" /* RouterX.framework */; };
/* End PBXBuildFile section */

/* Begin PBXContainerItemProxy section */
		C474930B21A479D900821FA4 /* PBXContainerItemProxy */ = {
			isa = PBXContainerItemProxy;
			containerPortal = OBJ_1 /* Project object */;
			proxyType = 1;
			remoteGlobalIDString = "RouterX::RouterX";
			remoteInfo = RouterX;
		};
		C474930C21A479D900821FA4 /* PBXContainerItemProxy */ = {
			isa = PBXContainerItemProxy;
			containerPortal = OBJ_1 /* Project object */;
			proxyType = 1;
			remoteGlobalIDString = "RouterX::RouterXTests";
			remoteInfo = RouterXTests;
		};
/* End PBXContainerItemProxy section */

/* Begin PBXFileReference section */
		48065D3221AAB88400F33408 /* PatternScanError.swift */ = {isa = PBXFileReference; lastKnownFileType = sourcecode.swift; path = PatternScanError.swift; sourceTree = "<group>"; };
		48E62CA621A695000005838B /* MatchResult.swift */ = {isa = PBXFileReference; lastKnownFileType = sourcecode.swift; path = MatchResult.swift; sourceTree = "<group>"; };
		OBJ_10 /* RouterXCore.swift */ = {isa = PBXFileReference; lastKnownFileType = sourcecode.swift; path = RouterXCore.swift; sourceTree = "<group>"; };
		OBJ_11 /* RoutingGraph.swift */ = {isa = PBXFileReference; lastKnownFileType = sourcecode.swift; path = RoutingGraph.swift; sourceTree = "<group>"; };
		OBJ_12 /* RoutingPatternParser.swift */ = {isa = PBXFileReference; lastKnownFileType = sourcecode.swift; path = RoutingPatternParser.swift; sourceTree = "<group>"; };
		OBJ_13 /* RoutingPatternScanner.swift */ = {isa = PBXFileReference; lastKnownFileType = sourcecode.swift; path = RoutingPatternScanner.swift; sourceTree = "<group>"; };
		OBJ_14 /* RoutingPatternToken.swift */ = {isa = PBXFileReference; lastKnownFileType = sourcecode.swift; path = RoutingPatternToken.swift; sourceTree = "<group>"; };
		OBJ_15 /* URLPathScanner.swift */ = {isa = PBXFileReference; lastKnownFileType = sourcecode.swift; path = URLPathScanner.swift; sourceTree = "<group>"; };
		OBJ_16 /* URLPathToken.swift */ = {isa = PBXFileReference; lastKnownFileType = sourcecode.swift; path = URLPathToken.swift; sourceTree = "<group>"; };
		OBJ_20 /* RoutingGraph.swift */ = {isa = PBXFileReference; lastKnownFileType = sourcecode.swift; path = RoutingGraph.swift; sourceTree = "<group>"; };
		OBJ_21 /* RouterTests.swift */ = {isa = PBXFileReference; lastKnownFileType = sourcecode.swift; path = RouterTests.swift; sourceTree = "<group>"; };
		OBJ_22 /* RouterXCoreTests.swift */ = {isa = PBXFileReference; lastKnownFileType = sourcecode.swift; path = RouterXCoreTests.swift; sourceTree = "<group>"; };
		OBJ_23 /* RoutingPatternParserTests.swift */ = {isa = PBXFileReference; lastKnownFileType = sourcecode.swift; path = RoutingPatternParserTests.swift; sourceTree = "<group>"; };
		OBJ_24 /* RoutingPatternScannerTests.swift */ = {isa = PBXFileReference; lastKnownFileType = sourcecode.swift; path = RoutingPatternScannerTests.swift; sourceTree = "<group>"; };
		OBJ_25 /* URLPathScannerTests.swift */ = {isa = PBXFileReference; lastKnownFileType = sourcecode.swift; path = URLPathScannerTests.swift; sourceTree = "<group>"; };
		OBJ_6 /* Package.swift */ = {isa = PBXFileReference; explicitFileType = sourcecode.swift; path = Package.swift; sourceTree = "<group>"; };
		OBJ_9 /* Router.swift */ = {isa = PBXFileReference; lastKnownFileType = sourcecode.swift; path = Router.swift; sourceTree = "<group>"; };
		"RouterX::RouterX::Product" /* RouterX.framework */ = {isa = PBXFileReference; lastKnownFileType = wrapper.framework; path = RouterX.framework; sourceTree = BUILT_PRODUCTS_DIR; };
		"RouterX::RouterXTests::Product" /* RouterXTests.xctest */ = {isa = PBXFileReference; lastKnownFileType = file; path = RouterXTests.xctest; sourceTree = BUILT_PRODUCTS_DIR; };
/* End PBXFileReference section */

/* Begin PBXFrameworksBuildPhase section */
		OBJ_43 /* Frameworks */ = {
			isa = PBXFrameworksBuildPhase;
			buildActionMask = 0;
			files = (
			);
			runOnlyForDeploymentPostprocessing = 0;
		};
		OBJ_67 /* Frameworks */ = {
			isa = PBXFrameworksBuildPhase;
			buildActionMask = 0;
			files = (
				OBJ_68 /* RouterX.framework in Frameworks */,
			);
			runOnlyForDeploymentPostprocessing = 0;
		};
/* End PBXFrameworksBuildPhase section */

/* Begin PBXGroup section */
		OBJ_17 /* Tests */ = {
			isa = PBXGroup;
			children = (
				OBJ_18 /* RouterXTests */,
			);
			name = Tests;
			sourceTree = SOURCE_ROOT;
		};
		OBJ_18 /* RouterXTests */ = {
			isa = PBXGroup;
			children = (
				OBJ_19 /* Extensions */,
				OBJ_21 /* RouterTests.swift */,
				OBJ_22 /* RouterXCoreTests.swift */,
				OBJ_23 /* RoutingPatternParserTests.swift */,
				OBJ_24 /* RoutingPatternScannerTests.swift */,
				OBJ_25 /* URLPathScannerTests.swift */,
			);
			name = RouterXTests;
			path = Tests/RouterXTests;
			sourceTree = SOURCE_ROOT;
		};
		OBJ_19 /* Extensions */ = {
			isa = PBXGroup;
			children = (
				OBJ_20 /* RoutingGraph.swift */,
			);
			path = Extensions;
			sourceTree = "<group>";
		};
		OBJ_27 /* Products */ = {
			isa = PBXGroup;
			children = (
				"RouterX::RouterXTests::Product" /* RouterXTests.xctest */,
				"RouterX::RouterX::Product" /* RouterX.framework */,
			);
			name = Products;
			sourceTree = BUILT_PRODUCTS_DIR;
		};
		OBJ_5 = {
			isa = PBXGroup;
			children = (
				OBJ_6 /* Package.swift */,
				OBJ_7 /* Sources */,
				OBJ_17 /* Tests */,
				OBJ_27 /* Products */,
			);
			sourceTree = "<group>";
		};
		OBJ_7 /* Sources */ = {
			isa = PBXGroup;
			children = (
				OBJ_8 /* RouterX */,
			);
			name = Sources;
			sourceTree = SOURCE_ROOT;
		};
		OBJ_8 /* RouterX */ = {
			isa = PBXGroup;
			children = (
				OBJ_9 /* Router.swift */,
				48E62CA621A695000005838B /* MatchResult.swift */,
				OBJ_10 /* RouterXCore.swift */,
				OBJ_11 /* RoutingGraph.swift */,
				OBJ_12 /* RoutingPatternParser.swift */,
				OBJ_13 /* RoutingPatternScanner.swift */,
				48065D3221AAB88400F33408 /* PatternScanError.swift */,
				OBJ_14 /* RoutingPatternToken.swift */,
				OBJ_15 /* URLPathScanner.swift */,
				OBJ_16 /* URLPathToken.swift */,
			);
			name = RouterX;
			path = Sources/RouterX;
			sourceTree = SOURCE_ROOT;
		};
/* End PBXGroup section */

/* Begin PBXNativeTarget section */
		"RouterX::RouterX" /* RouterX */ = {
			isa = PBXNativeTarget;
			buildConfigurationList = OBJ_31 /* Build configuration list for PBXNativeTarget "RouterX" */;
			buildPhases = (
				OBJ_34 /* Sources */,
				OBJ_43 /* Frameworks */,
			);
			buildRules = (
			);
			dependencies = (
			);
			name = RouterX;
			productName = RouterX;
			productReference = "RouterX::RouterX::Product" /* RouterX.framework */;
			productType = "com.apple.product-type.framework";
		};
		"RouterX::RouterXTests" /* RouterXTests */ = {
			isa = PBXNativeTarget;
			buildConfigurationList = OBJ_56 /* Build configuration list for PBXNativeTarget "RouterXTests" */;
			buildPhases = (
				OBJ_59 /* Sources */,
				OBJ_67 /* Frameworks */,
			);
			buildRules = (
			);
			dependencies = (
				OBJ_69 /* PBXTargetDependency */,
			);
			name = RouterXTests;
			productName = RouterXTests;
			productReference = "RouterX::RouterXTests::Product" /* RouterXTests.xctest */;
			productType = "com.apple.product-type.bundle.unit-test";
		};
		"RouterX::SwiftPMPackageDescription" /* RouterXPackageDescription */ = {
			isa = PBXNativeTarget;
			buildConfigurationList = OBJ_45 /* Build configuration list for PBXNativeTarget "RouterXPackageDescription" */;
			buildPhases = (
				OBJ_48 /* Sources */,
			);
			buildRules = (
			);
			dependencies = (
			);
			name = RouterXPackageDescription;
			productName = RouterXPackageDescription;
			productType = "com.apple.product-type.framework";
		};
/* End PBXNativeTarget section */

/* Begin PBXProject section */
		OBJ_1 /* Project object */ = {
			isa = PBXProject;
			attributes = {
				LastUpgradeCheck = 9999;
			};
			buildConfigurationList = OBJ_2 /* Build configuration list for PBXProject "RouterX" */;
			compatibilityVersion = "Xcode 10.0";
			developmentRegion = English;
			hasScannedForEncodings = 0;
			knownRegions = (
				en,
			);
			mainGroup = OBJ_5;
			productRefGroup = OBJ_27 /* Products */;
			projectDirPath = "";
			projectRoot = "";
			targets = (
				"RouterX::RouterX" /* RouterX */,
				"RouterX::SwiftPMPackageDescription" /* RouterXPackageDescription */,
				"RouterX::RouterXPackageTests::ProductTarget" /* RouterXPackageTests */,
				"RouterX::RouterXTests" /* RouterXTests */,
			);
		};
/* End PBXProject section */

/* Begin PBXSourcesBuildPhase section */
		OBJ_34 /* Sources */ = {
			isa = PBXSourcesBuildPhase;
			buildActionMask = 0;
			files = (
				OBJ_35 /* Router.swift in Sources */,
				48E62CA721A695000005838B /* MatchResult.swift in Sources */,
				OBJ_36 /* RouterXCore.swift in Sources */,
				OBJ_37 /* RoutingGraph.swift in Sources */,
				OBJ_38 /* RoutingPatternParser.swift in Sources */,
				OBJ_39 /* RoutingPatternScanner.swift in Sources */,
				48065D3321AAB88400F33408 /* PatternScanError.swift in Sources */,
				OBJ_40 /* RoutingPatternToken.swift in Sources */,
				OBJ_41 /* URLPathScanner.swift in Sources */,
				OBJ_42 /* URLPathToken.swift in Sources */,
			);
			runOnlyForDeploymentPostprocessing = 0;
		};
		OBJ_48 /* Sources */ = {
			isa = PBXSourcesBuildPhase;
			buildActionMask = 0;
			files = (
				OBJ_49 /* Package.swift in Sources */,
			);
			runOnlyForDeploymentPostprocessing = 0;
		};
		OBJ_59 /* Sources */ = {
			isa = PBXSourcesBuildPhase;
			buildActionMask = 0;
			files = (
				OBJ_60 /* RoutingGraph.swift in Sources */,
				OBJ_61 /* RouterTests.swift in Sources */,
				OBJ_62 /* RouterXCoreTests.swift in Sources */,
				OBJ_63 /* RoutingPatternParserTests.swift in Sources */,
				OBJ_64 /* RoutingPatternScannerTests.swift in Sources */,
				OBJ_65 /* URLPathScannerTests.swift in Sources */,
			);
			runOnlyForDeploymentPostprocessing = 0;
		};
/* End PBXSourcesBuildPhase section */

/* Begin PBXTargetDependency section */
		OBJ_54 /* PBXTargetDependency */ = {
			isa = PBXTargetDependency;
			target = "RouterX::RouterXTests" /* RouterXTests */;
			targetProxy = C474930C21A479D900821FA4 /* PBXContainerItemProxy */;
		};
		OBJ_69 /* PBXTargetDependency */ = {
			isa = PBXTargetDependency;
			target = "RouterX::RouterX" /* RouterX */;
			targetProxy = C474930B21A479D900821FA4 /* PBXContainerItemProxy */;
		};
/* End PBXTargetDependency section */

/* Begin XCBuildConfiguration section */
		OBJ_3 /* Debug */ = {
			isa = XCBuildConfiguration;
			buildSettings = {
				CLANG_ENABLE_OBJC_ARC = YES;
				COMBINE_HIDPI_IMAGES = YES;
				COPY_PHASE_STRIP = NO;
				DEBUG_INFORMATION_FORMAT = dwarf;
				DYLIB_INSTALL_NAME_BASE = "@rpath";
				ENABLE_NS_ASSERTIONS = YES;
				GCC_OPTIMIZATION_LEVEL = 0;
				GCC_PREPROCESSOR_DEFINITIONS = (
					"DEBUG=1",
					"$(inherited)",
				);
				MACOSX_DEPLOYMENT_TARGET = 10.10;
				ONLY_ACTIVE_ARCH = YES;
				OTHER_SWIFT_FLAGS = "-DXcode";
				PRODUCT_NAME = "$(TARGET_NAME)";
				SDKROOT = macosx;
				SUPPORTED_PLATFORMS = "macosx iphoneos iphonesimulator appletvos appletvsimulator watchos watchsimulator";
				SWIFT_ACTIVE_COMPILATION_CONDITIONS = "SWIFT_PACKAGE DEBUG";
				SWIFT_OPTIMIZATION_LEVEL = "-Onone";
				USE_HEADERMAP = NO;
			};
			name = Debug;
		};
		OBJ_32 /* Debug */ = {
			isa = XCBuildConfiguration;
			buildSettings = {
				ENABLE_TESTABILITY = YES;
				FRAMEWORK_SEARCH_PATHS = (
					"$(inherited)",
					"$(PLATFORM_DIR)/Developer/Library/Frameworks",
				);
				HEADER_SEARCH_PATHS = "$(inherited)";
				INFOPLIST_FILE = RouterX.xcodeproj/RouterX_Info.plist;
				LD_RUNPATH_SEARCH_PATHS = (
					"$(inherited)",
					"$(TOOLCHAIN_DIR)/usr/lib/swift/macosx",
				);
				OTHER_CFLAGS = "$(inherited)";
				OTHER_LDFLAGS = "$(inherited)";
				OTHER_SWIFT_FLAGS = "$(inherited)";
				PRODUCT_BUNDLE_IDENTIFIER = RouterX;
				PRODUCT_MODULE_NAME = "$(TARGET_NAME:c99extidentifier)";
				PRODUCT_NAME = "$(TARGET_NAME:c99extidentifier)";
				SKIP_INSTALL = YES;
				SWIFT_ACTIVE_COMPILATION_CONDITIONS = "$(inherited)";
				SWIFT_VERSION = 4.2;
				TARGET_NAME = RouterX;
			};
			name = Debug;
		};
		OBJ_33 /* Release */ = {
			isa = XCBuildConfiguration;
			buildSettings = {
				ENABLE_TESTABILITY = YES;
				FRAMEWORK_SEARCH_PATHS = (
					"$(inherited)",
					"$(PLATFORM_DIR)/Developer/Library/Frameworks",
				);
				HEADER_SEARCH_PATHS = "$(inherited)";
				INFOPLIST_FILE = RouterX.xcodeproj/RouterX_Info.plist;
				LD_RUNPATH_SEARCH_PATHS = (
					"$(inherited)",
					"$(TOOLCHAIN_DIR)/usr/lib/swift/macosx",
				);
				OTHER_CFLAGS = "$(inherited)";
				OTHER_LDFLAGS = "$(inherited)";
				OTHER_SWIFT_FLAGS = "$(inherited)";
				PRODUCT_BUNDLE_IDENTIFIER = RouterX;
				PRODUCT_MODULE_NAME = "$(TARGET_NAME:c99extidentifier)";
				PRODUCT_NAME = "$(TARGET_NAME:c99extidentifier)";
				SKIP_INSTALL = YES;
				SWIFT_ACTIVE_COMPILATION_CONDITIONS = "$(inherited)";
				SWIFT_VERSION = 4.2;
				TARGET_NAME = RouterX;
			};
			name = Release;
		};
		OBJ_4 /* Release */ = {
			isa = XCBuildConfiguration;
			buildSettings = {
				CLANG_ENABLE_OBJC_ARC = YES;
				COMBINE_HIDPI_IMAGES = YES;
				COPY_PHASE_STRIP = YES;
				DEBUG_INFORMATION_FORMAT = "dwarf-with-dsym";
				DYLIB_INSTALL_NAME_BASE = "@rpath";
				GCC_OPTIMIZATION_LEVEL = s;
				MACOSX_DEPLOYMENT_TARGET = 10.10;
				OTHER_SWIFT_FLAGS = "-DXcode";
				PRODUCT_NAME = "$(TARGET_NAME)";
				SDKROOT = macosx;
				SUPPORTED_PLATFORMS = "macosx iphoneos iphonesimulator appletvos appletvsimulator watchos watchsimulator";
				SWIFT_ACTIVE_COMPILATION_CONDITIONS = SWIFT_PACKAGE;
				SWIFT_COMPILATION_MODE = wholemodule;
				SWIFT_OPTIMIZATION_LEVEL = "-O";
				USE_HEADERMAP = NO;
			};
			name = Release;
		};
		OBJ_46 /* Debug */ = {
			isa = XCBuildConfiguration;
			buildSettings = {
				LD = /usr/bin/true;
				OTHER_SWIFT_FLAGS = "-swift-version 4.2 -I $(TOOLCHAIN_DIR)/usr/lib/swift/pm/4_2 -target x86_64-apple-macosx10.10 -sdk /Applications/Xcode.app/Contents/Developer/Platforms/MacOSX.platform/Developer/SDKs/MacOSX10.14.sdk";
				SWIFT_VERSION = 4.2;
			};
			name = Debug;
		};
		OBJ_47 /* Release */ = {
			isa = XCBuildConfiguration;
			buildSettings = {
				LD = /usr/bin/true;
				OTHER_SWIFT_FLAGS = "-swift-version 4.2 -I $(TOOLCHAIN_DIR)/usr/lib/swift/pm/4_2 -target x86_64-apple-macosx10.10 -sdk /Applications/Xcode.app/Contents/Developer/Platforms/MacOSX.platform/Developer/SDKs/MacOSX10.14.sdk";
				SWIFT_VERSION = 4.2;
			};
			name = Release;
		};
		OBJ_52 /* Debug */ = {
			isa = XCBuildConfiguration;
			buildSettings = {
			};
			name = Debug;
		};
		OBJ_53 /* Release */ = {
			isa = XCBuildConfiguration;
			buildSettings = {
			};
			name = Release;
		};
		OBJ_57 /* Debug */ = {
			isa = XCBuildConfiguration;
			buildSettings = {
				CLANG_ENABLE_MODULES = YES;
				EMBEDDED_CONTENT_CONTAINS_SWIFT = YES;
				FRAMEWORK_SEARCH_PATHS = (
					"$(inherited)",
					"$(PLATFORM_DIR)/Developer/Library/Frameworks",
				);
				HEADER_SEARCH_PATHS = "$(inherited)";
				INFOPLIST_FILE = RouterX.xcodeproj/RouterXTests_Info.plist;
				LD_RUNPATH_SEARCH_PATHS = (
					"$(inherited)",
					"@loader_path/../Frameworks",
					"@loader_path/Frameworks",
				);
				OTHER_CFLAGS = "$(inherited)";
				OTHER_LDFLAGS = "$(inherited)";
				OTHER_SWIFT_FLAGS = "$(inherited)";
				SWIFT_ACTIVE_COMPILATION_CONDITIONS = "$(inherited)";
				SWIFT_VERSION = 4.2;
				TARGET_NAME = RouterXTests;
			};
			name = Debug;
		};
		OBJ_58 /* Release */ = {
			isa = XCBuildConfiguration;
			buildSettings = {
				CLANG_ENABLE_MODULES = YES;
				EMBEDDED_CONTENT_CONTAINS_SWIFT = YES;
				FRAMEWORK_SEARCH_PATHS = (
					"$(inherited)",
					"$(PLATFORM_DIR)/Developer/Library/Frameworks",
				);
				HEADER_SEARCH_PATHS = "$(inherited)";
				INFOPLIST_FILE = RouterX.xcodeproj/RouterXTests_Info.plist;
				LD_RUNPATH_SEARCH_PATHS = (
					"$(inherited)",
					"@loader_path/../Frameworks",
					"@loader_path/Frameworks",
				);
				OTHER_CFLAGS = "$(inherited)";
				OTHER_LDFLAGS = "$(inherited)";
				OTHER_SWIFT_FLAGS = "$(inherited)";
				SWIFT_ACTIVE_COMPILATION_CONDITIONS = "$(inherited)";
				SWIFT_VERSION = 4.2;
				TARGET_NAME = RouterXTests;
			};
			name = Release;
		};
/* End XCBuildConfiguration section */

/* Begin XCConfigurationList section */
		OBJ_2 /* Build configuration list for PBXProject "RouterX" */ = {
			isa = XCConfigurationList;
			buildConfigurations = (
				OBJ_3 /* Debug */,
				OBJ_4 /* Release */,
			);
			defaultConfigurationIsVisible = 0;
			defaultConfigurationName = Release;
		};
		OBJ_31 /* Build configuration list for PBXNativeTarget "RouterX" */ = {
			isa = XCConfigurationList;
			buildConfigurations = (
				OBJ_32 /* Debug */,
				OBJ_33 /* Release */,
			);
			defaultConfigurationIsVisible = 0;
			defaultConfigurationName = Release;
		};
		OBJ_45 /* Build configuration list for PBXNativeTarget "RouterXPackageDescription" */ = {
			isa = XCConfigurationList;
			buildConfigurations = (
				OBJ_46 /* Debug */,
				OBJ_47 /* Release */,
			);
			defaultConfigurationIsVisible = 0;
			defaultConfigurationName = Release;
		};
		OBJ_51 /* Build configuration list for PBXAggregateTarget "RouterXPackageTests" */ = {
			isa = XCConfigurationList;
			buildConfigurations = (
				OBJ_52 /* Debug */,
				OBJ_53 /* Release */,
			);
			defaultConfigurationIsVisible = 0;
			defaultConfigurationName = Release;
		};
		OBJ_56 /* Build configuration list for PBXNativeTarget "RouterXTests" */ = {
			isa = XCConfigurationList;
			buildConfigurations = (
				OBJ_57 /* Debug */,
				OBJ_58 /* Release */,
			);
			defaultConfigurationIsVisible = 0;
			defaultConfigurationName = Release;
		};
/* End XCConfigurationList section */
	};
	rootObject = OBJ_1 /* Project object */;
}
